// !$*UTF8*$!
{
	archiveVersion = 1;
	classes = {
	};
	objectVersion = 46;
	objects = {

/* Begin PBXBuildFile section */
		45D84C5C1CA38DB4006FA177 /* AppDelegate.swift in Sources */ = {isa = PBXBuildFile; fileRef = 45D84C5B1CA38DB4006FA177 /* AppDelegate.swift */; };
		45D84C5E1CA38DB4006FA177 /* ViewController.swift in Sources */ = {isa = PBXBuildFile; fileRef = 45D84C5D1CA38DB4006FA177 /* ViewController.swift */; };
		45D84C611CA38DB4006FA177 /* Main.storyboard in Resources */ = {isa = PBXBuildFile; fileRef = 45D84C5F1CA38DB4006FA177 /* Main.storyboard */; };
		45D84C631CA38DB4006FA177 /* Assets.xcassets in Resources */ = {isa = PBXBuildFile; fileRef = 45D84C621CA38DB4006FA177 /* Assets.xcassets */; };
		45D84C661CA38DB4006FA177 /* LaunchScreen.storyboard in Resources */ = {isa = PBXBuildFile; fileRef = 45D84C641CA38DB4006FA177 /* LaunchScreen.storyboard */; };
/* End PBXBuildFile section */

/* Begin PBXFileReference section */
		45D84C581CA38DB4006FA177 /* HGForceTouchDemo.app */ = {isa = PBXFileReference; explicitFileType = wrapper.application; includeInIndex = 0; path = HGForceTouchDemo.app; sourceTree = BUILT_PRODUCTS_DIR; };
		45D84C5B1CA38DB4006FA177 /* AppDelegate.swift */ = {isa = PBXFileReference; lastKnownFileType = sourcecode.swift; path = AppDelegate.swift; sourceTree = "<group>"; };
		45D84C5D1CA38DB4006FA177 /* ViewController.swift */ = {isa = PBXFileReference; lastKnownFileType = sourcecode.swift; path = ViewController.swift; sourceTree = "<group>"; };
		45D84C601CA38DB4006FA177 /* Base */ = {isa = PBXFileReference; lastKnownFileType = file.storyboard; name = Base; path = Base.lproj/Main.storyboard; sourceTree = "<group>"; };
		45D84C621CA38DB4006FA177 /* Assets.xcassets */ = {isa = PBXFileReference; lastKnownFileType = folder.assetcatalog; path = Assets.xcassets; sourceTree = "<group>"; };
		45D84C651CA38DB4006FA177 /* Base */ = {isa = PBXFileReference; lastKnownFileType = file.storyboard; name = Base; path = Base.lproj/LaunchScreen.storyboard; sourceTree = "<group>"; };
		45D84C671CA38DB4006FA177 /* Info.plist */ = {isa = PBXFileReference; lastKnownFileType = text.plist.xml; path = Info.plist; sourceTree = "<group>"; };
/* End PBXFileReference section */

/* Begin PBXFrameworksBuildPhase section */
		45D84C551CA38DB4006FA177 /* Frameworks */ = {
			isa = PBXFrameworksBuildPhase;
			buildActionMask = 2147483647;
			files = (
			);
			runOnlyForDeploymentPostprocessing = 0;
		};
/* End PBXFrameworksBuildPhase section */

/* Begin PBXGroup section */
		45D84C4F1CA38DB4006FA177 = {
			isa = PBXGroup;
			children = (
				45D84C5A1CA38DB4006FA177 /* HGForceTouchDemo */,
				45D84C591CA38DB4006FA177 /* Products */,
			);
			sourceTree = "<group>";
		};
		45D84C591CA38DB4006FA177 /* Products */ = {
			isa = PBXGroup;
			children = (
				45D84C581CA38DB4006FA177 /* HGForceTouchDemo.app */,
			);
			name = Products;
			sourceTree = "<group>";
		};
		45D84C5A1CA38DB4006FA177 /* HGForceTouchDemo */ = {
			isa = PBXGroup;
			children = (
				45D84C5B1CA38DB4006FA177 /* AppDelegate.swift */,
				45D84C5D1CA38DB4006FA177 /* ViewController.swift */,
				45D84C5F1CA38DB4006FA177 /* Main.storyboard */,
				45D84C621CA38DB4006FA177 /* Assets.xcassets */,
				45D84C641CA38DB4006FA177 /* LaunchScreen.storyboard */,
				45D84C671CA38DB4006FA177 /* Info.plist */,
			);
			path = HGForceTouchDemo;
			sourceTree = "<group>";
		};
/* End PBXGroup section */

/* Begin PBXNativeTarget section */
		45D84C571CA38DB4006FA177 /* HGForceTouchDemo */ = {
			isa = PBXNativeTarget;
			buildConfigurationList = 45D84C6A1CA38DB4006FA177 /* Build configuration list for PBXNativeTarget "HGForceTouchDemo" */;
			buildPhases = (
				45D84C541CA38DB4006FA177 /* Sources */,
				45D84C551CA38DB4006FA177 /* Frameworks */,
				45D84C561CA38DB4006FA177 /* Resources */,
			);
			buildRules = (
			);
			dependencies = (
			);
			name = HGForceTouchDemo;
			productName = HGForceTouchDemo;
			productReference = 45D84C581CA38DB4006FA177 /* HGForceTouchDemo.app */;
			productType = "com.apple.product-type.application";
		};
/* End PBXNativeTarget section */

/* Begin PBXProject section */
		45D84C501CA38DB4006FA177 /* Project object */ = {
			isa = PBXProject;
			attributes = {
				LastSwiftUpdateCheck = 0730;
				LastUpgradeCheck = 0730;
				ORGANIZATIONNAME = HamGuy;
				TargetAttributes = {
					45D84C571CA38DB4006FA177 = {
						CreatedOnToolsVersion = 7.3;
					};
				};
			};
			buildConfigurationList = 45D84C531CA38DB4006FA177 /* Build configuration list for PBXProject "HGForceTouchDemo" */;
			compatibilityVersion = "Xcode 3.2";
			developmentRegion = English;
			hasScannedForEncodings = 0;
			knownRegions = (
				en,
				Base,
			);
			mainGroup = 45D84C4F1CA38DB4006FA177;
			productRefGroup = 45D84C591CA38DB4006FA177 /* Products */;
			projectDirPath = "";
			projectRoot = "";
			targets = (
				45D84C571CA38DB4006FA177 /* HGForceTouchDemo */,
			);
		};
/* End PBXProject section */

/* Begin PBXResourcesBuildPhase section */
		45D84C561CA38DB4006FA177 /* Resources */ = {
			isa = PBXResourcesBuildPhase;
			buildActionMask = 2147483647;
			files = (
				45D84C661CA38DB4006FA177 /* LaunchScreen.storyboard in Resources */,
				45D84C631CA38DB4006FA177 /* Assets.xcassets in Resources */,
				45D84C611CA38DB4006FA177 /* Main.storyboard in Resources */,
			);
			runOnlyForDeploymentPostprocessing = 0;
		};
/* End PBXResourcesBuildPhase section */

/* Begin PBXSourcesBuildPhase section */
		45D84C541CA38DB4006FA177 /* Sources */ = {
			isa = PBXSourcesBuildPhase;
			buildActionMask = 2147483647;
			files = (
				45D84C5E1CA38DB4006FA177 /* ViewController.swift in Sources */,
				45D84C5C1CA38DB4006FA177 /* AppDelegate.swift in Sources */,
			);
			runOnlyForDeploymentPostprocessing = 0;
		};
/* End PBXSourcesBuildPhase section */

/* Begin PBXVariantGroup section */
		45D84C5F1CA38DB4006FA177 /* Main.storyboard */ = {
			isa = PBXVariantGroup;
			children = (
				45D84C601CA38DB4006FA177 /* Base */,
			);
			name = Main.storyboard;
			sourceTree = "<group>";
		};
		45D84C641CA38DB4006FA177 /* LaunchScreen.storyboard */ = {
			isa = PBXVariantGroup;
			children = (
				45D84C651CA38DB4006FA177 /* Base */,
			);
			name = LaunchScreen.storyboard;
			sourceTree = "<group>";
		};
/* End PBXVariantGroup section */

/* Begin XCBuildConfiguration section */
		45D84C681CA38DB4006FA177 /* Debug */ = {
			isa = XCBuildConfiguration;
			buildSettings = {
				ALWAYS_SEARCH_USER_PATHS = NO;
				CLANG_ANALYZER_NONNULL = YES;
				CLANG_CXX_LANGUAGE_STANDARD = "gnu++0x";
				CLANG_CXX_LIBRARY = "libc++";
				CLANG_ENABLE_MODULES = YES;
				CLANG_ENABLE_OBJC_ARC = YES;
				CLANG_WARN_BOOL_CONVERSION = YES;
				CLANG_WARN_CONSTANT_CONVERSION = YES;
				CLANG_WARN_DIRECT_OBJC_ISA_USAGE = YES_ERROR;
				CLANG_WARN_EMPTY_BODY = YES;
				CLANG_WARN_ENUM_CONVERSION = YES;
				CLANG_WARN_INT_CONVERSION = YES;
				CLANG_WARN_OBJC_ROOT_CLASS = YES_ERROR;
				CLANG_WARN_UNREACHABLE_CODE = YES;
				CLANG_WARN__DUPLICATE_METHOD_MATCH = YES;
				"CODE_SIGN_IDENTITY[sdk=iphoneos*]" = "iPhone Developer";
				COPY_PHASE_STRIP = NO;
				DEBUG_INFORMATION_FORMAT = dwarf;
				ENABLE_STRICT_OBJC_MSGSEND = YES;
				ENABLE_TESTABILITY = YES;
				GCC_C_LANGUAGE_STANDARD = gnu99;
				GCC_DYNAMIC_NO_PIC = NO;
				GCC_NO_COMMON_BLOCKS = YES;
				GCC_OPTIMIZATION_LEVEL = 0;
				GCC_PREPROCESSOR_DEFINITIONS = (
					"DEBUG=1",
					"$(inherited)",
				);
				GCC_WARN_64_TO_32_BIT_CONVERSION = YES;
				GCC_WARN_ABOUT_RETURN_TYPE = YES_ERROR;
				GCC_WARN_UNDECLARED_SELECTOR = YES;
				GCC_WARN_UNINITIALIZED_AUTOS = YES_AGGRESSIVE;
				GCC_WARN_UNUSED_FUNCTION = YES;
				GCC_WARN_UNUSED_VARIABLE = YES;
				IPHONEOS_DEPLOYMENT_TARGET = 9.3;
				MTL_ENABLE_DEBUG_INFO = YES;
				ONLY_ACTIVE_ARCH = YES;
				SDKROOT = iphoneos;
				SWIFT_OPTIMIZATION_LEVEL = "-Onone";
			};
			name = Debug;
		};
		45D84C691CA38DB4006FA177 /* Release */ = {
			isa = XCBuildConfiguration;
			buildSettings = {
				ALWAYS_SEARCH_USER_PATHS = NO;
				CLANG_ANALYZER_NONNULL = YES;
				CLANG_CXX_LANGUAGE_STANDARD = "gnu++0x";
				CLANG_CXX_LIBRARY = "libc++";
				CLANG_ENABLE_MODULES = YES;
				CLANG_ENABLE_OBJC_ARC = YES;
				CLANG_WARN_BOOL_CONVERSION = YES;
				CLANG_WARN_CONSTANT_CONVERSION = YES;
				CLANG_WARN_DIRECT_OBJC_ISA_USAGE = YES_ERROR;
				CLANG_WARN_EMPTY_BODY = YES;
				CLANG_WARN_ENUM_CONVERSION = YES;
				CLANG_WARN_INT_CONVERSION = YES;
				CLANG_WARN_OBJC_ROOT_CLASS = YES_ERROR;
				CLANG_WARN_UNREACHABLE_CODE = YES;
				CLANG_WARN__DUPLICATE_METHOD_MATCH = YES;
				"CODE_SIGN_IDENTITY[sdk=iphoneos*]" = "iPhone Developer";
				COPY_PHASE_STRIP = NO;
				DEBUG_INFORMATION_FORMAT = "dwarf-with-dsym";
				ENABLE_NS_ASSERTIONS = NO;
				ENABLE_STRICT_OBJC_MSGSEND = YES;
				GCC_C_LANGUAGE_STANDARD = gnu99;
				GCC_NO_COMMON_BLOCKS = YES;
				GCC_WARN_64_TO_32_BIT_CONVERSION = YES;
				GCC_WARN_ABOUT_RETURN_TYPE = YES_ERROR;
				GCC_WARN_UNDECLARED_SELECTOR = YES;
				GCC_WARN_UNINITIALIZED_AUTOS = YES_AGGRESSIVE;
				GCC_WARN_UNUSED_FUNCTION = YES;
				GCC_WARN_UNUSED_VARIABLE = YES;
				IPHONEOS_DEPLOYMENT_TARGET = 9.3;
				MTL_ENABLE_DEBUG_INFO = NO;
				SDKROOT = iphoneos;
				VALIDATE_PRODUCT = YES;
			};
			name = Release;
		};
		45D84C6B1CA38DB4006FA177 /* Debug */ = {
			isa = XCBuildConfiguration;
			buildSettings = {
				ASSETCATALOG_COMPILER_APPICON_NAME = AppIcon;
				INFOPLIST_FILE = HGForceTouchDemo/Info.plist;
				LD_RUNPATH_SEARCH_PATHS = "$(inherited) @executable_path/Frameworks";
				PRODUCT_BUNDLE_IDENTIFIER = net.hamguy.HGForceTouchDemo;
				PRODUCT_NAME = "$(TARGET_NAME)";
			};
			name = Debug;
		};
		45D84C6C1CA38DB4006FA177 /* Release */ = {
			isa = XCBuildConfiguration;
			buildSettings = {
				ASSETCATALOG_COMPILER_APPICON_NAME = AppIcon;
				INFOPLIST_FILE = HGForceTouchDemo/Info.plist;
				LD_RUNPATH_SEARCH_PATHS = "$(inherited) @executable_path/Frameworks";
				PRODUCT_BUNDLE_IDENTIFIER = net.hamguy.HGForceTouchDemo;
				PRODUCT_NAME = "$(TARGET_NAME)";
			};
			name = Release;
		};
/* End XCBuildConfiguration section */

/* Begin XCConfigurationList section */
		45D84C531CA38DB4006FA177 /* Build configuration list for PBXProject "HGForceTouchDemo" */ = {
			isa = XCConfigurationList;
			buildConfigurations = (
				45D84C681CA38DB4006FA177 /* Debug */,
				45D84C691CA38DB4006FA177 /* Release */,
			);
			defaultConfigurationIsVisible = 0;
			defaultConfigurationName = Release;
		};
		45D84C6A1CA38DB4006FA177 /* Build configuration list for PBXNativeTarget "HGForceTouchDemo" */ = {
			isa = XCConfigurationList;
			buildConfigurations = (
				45D84C6B1CA38DB4006FA177 /* Debug */,
				45D84C6C1CA38DB4006FA177 /* Release */,
			);
			defaultConfigurationIsVisible = 0;
		};
/* End XCConfigurationList section */
	};
	rootObject = 45D84C501CA38DB4006FA177 /* Project object */;
}
